    logging (2.2.2)
      little-plugger (~> 1.1)
      multi_json (~> 1.10)
    loofah (2.1.1)
      crass (~> 1.0.2)
      nokogiri (>= 1.5.9)
    mail (2.7.0)
      mini_mime (>= 0.1.1)
    mysql2 (0.4.10-x86-mingw32)
    nio4r (2.2.0)
    nio4r (2.2.0-java)
    nokogiri (1.8.1)
      mini_portile2 (~> 2.3.0)
    nokogiri (1.8.1-java)
    nokogiri (1.8.1-x64-mingw32)
      mini_portile2 (~> 2.3.0)
    nokogiri (1.8.1-x86-mingw32)
      mini_portile2 (~> 2.3.0)
    os (0.9.6)
    parallel (1.12.1)
    parser (2.5.0.2)