

"@adobe/css-tools@^4.0.1":
  version "4.3.2"
  resolved "https://registry.yarnpkg.com/@adobe/css-tools/-/css-tools-4.3.2.tgz#a6abc715fb6884851fca9dad37fc34739a04fd11"
  integrity sha512-DA5a1C0gD/pLOvhv33YMrbf2FK3oUzwNl9oOJqE4XVjuEtt6XIakRcsd7eLiOSPkp1kTRQGICTA8cKra/vFbjw==

"@ampproject/remapping@^2.1.0":
  version "2.2.0"
  resolved "https://registry.yarnpkg.com/@ampproject/remapping/-/remapping-2.2.0.tgz#56c133824780de3174aed5ab6834f3026790154d"